
Microsoft Visual Studio Solution File, Format Version 12.00
# Visual Studio Version 17
VisualStudioVersion = 17.8.34330.188
MinimumVisualStudioVersion = 10.0.40219.1
Project("{9A19103F-16F7-4668-BE54-9A1E7A4F7556}") = "H4ServersideProgrammering", "H4ServersideProgrammering\H4ServersideProgrammering.csproj", "{D12D96E4-020A-4AD5-B869-EC3CD45670C0}"
EndProject
Global
	GlobalSection(SolutionConfigurationPlatforms) = preSolution
		Debug|Any CPU = Debug|Any CPU
		Release|Any CPU = Release|Any CPU
	EndGlobalSection
	GlobalSection(ProjectConfigurationPlatforms) = postSolution
		{D12D96E4-020A-4AD5-B869-EC3CD45670C0}.Debug|Any CPU.ActiveCfg = Debug|Any CPU
		{D12D96E4-020A-4AD5-B869-EC3CD45670C0}.Debug|Any CPU.Build.0 = Debug|Any CPU
		{D12D96E4-020A-4AD5-B869-EC3CD45670C0}.Release|Any CPU.ActiveCfg = Release|Any CPU
		{D12D96E4-020A-4AD5-B869-EC3CD45670C0}.Release|Any CPU.Build.0 = Release|Any CPU
	EndGlobalSection
	GlobalSection(SolutionProperties) = preSolution
		HideSolutionNode = FALSE
	EndGlobalSection
	GlobalSection(ExtensibilityGlobals) = postSolution
		SolutionGuid = {E35F838F-7CD3-464A-AB7B-C7ADCAA2FDD8}
	EndGlobalSection
EndGlobal
